
Microsoft Visual Studio Solution File, Format Version 12.00
# Visual Studio Version 16
VisualStudioVersion = 16.0.29230.47
MinimumVisualStudioVersion = 10.0.40219.1
Project("{FAE04EC0-301F-11D3-BF4B-00C04F79EFBC}") = "LearnRedis", "LearnRedis\LearnRedis.csproj", "{1617145A-D25E-414F-8626-88D11F78AD54}"
EndProject
Global
	GlobalSection(SolutionConfigurationPlatforms) = preSolution
		Debug|Any CPU = Debug|Any CPU
		Release|Any CPU = Release|Any CPU
	EndGlobalSection
	GlobalSection(ProjectConfigurationPlatforms) = postSolution
		{1617145A-D25E-414F-8626-88D11F78AD54}.Debug|Any CPU.ActiveCfg = Debug|Any CPU
		{1617145A-D25E-414F-8626-88D11F78AD54}.Debug|Any CPU.Build.0 = Debug|Any CPU
		{1617145A-D25E-414F-8626-88D11F78AD54}.Release|Any CPU.ActiveCfg = Release|Any CPU
		{1617145A-D25E-414F-8626-88D11F78AD54}.Release|Any CPU.Build.0 = Release|Any CPU
	EndGlobalSection
	GlobalSection(SolutionProperties) = preSolution
		HideSolutionNode = FALSE
	EndGlobalSection
	GlobalSection(ExtensibilityGlobals) = postSolution
		SolutionGuid = {CF5EA34F-AFC2-4EEC-A879-D78FF0DD5B0F}
	EndGlobalSection
EndGlobal
